
Microsoft Visual Studio Solution File, Format Version 11.00
# Visual Studio 2010
Project("{FAE04EC0-301F-11D3-BF4B-00C04F79EFBC}") = "Libnako", "Libnako\Libnako.csproj", "{F9297385-ACE0-43AD-AD66-819C5A60FE80}"
EndProject
Project("{FAE04EC0-301F-11D3-BF4B-00C04F79EFBC}") = "cnako2", "cnako2\cnako2.csproj", "{6A22E146-C2AC-473B-9F3C-0D88DE3FDF3E}"
EndProject
Project("{FAE04EC0-301F-11D3-BF4B-00C04F79EFBC}") = "CNako2Test", "CNako2Test\CNako2Test.csproj", "{4290DB51-1042-4594-950D-CFCD56F5D466}"
EndProject
Project("{FAE04EC0-301F-11D3-BF4B-00C04F79EFBC}") = "NakoPlugin", "NakoPlugin\NakoPlugin.csproj", "{50C58F5B-F94B-4F16-B428-F41FEAB0D4D3}"
EndProject
Project("{FAE04EC0-301F-11D3-BF4B-00C04F79EFBC}") = "DemoCNako2", "DemoCNako2\DemoCNako2.csproj", "{BA184544-C0CB-4399-BF10-4E02A37F41BB}"
EndProject
Global
	GlobalSection(TestCaseManagementSettings) = postSolution
		CategoryFile = Nako2_cnako.vsmdi
	EndGlobalSection
	GlobalSection(SolutionConfigurationPlatforms) = preSolution
		Debug|Any CPU = Debug|Any CPU
		Debug|Mixed Platforms = Debug|Mixed Platforms
		Debug|x86 = Debug|x86
		Release|Any CPU = Release|Any CPU
		Release|Mixed Platforms = Release|Mixed Platforms
		Release|x86 = Release|x86
	EndGlobalSection
	GlobalSection(ProjectConfigurationPlatforms) = postSolution
		{F9297385-ACE0-43AD-AD66-819C5A60FE80}.Debug|Any CPU.ActiveCfg = Debug|Any CPU
		{F9297385-ACE0-43AD-AD66-819C5A60FE80}.Debug|Any CPU.Build.0 = Debug|Any CPU
		{F9297385-ACE0-43AD-AD66-819C5A60FE80}.Debug|Mixed Platforms.ActiveCfg = Debug|Any CPU
		{F9297385-ACE0-43AD-AD66-819C5A60FE80}.Debug|Mixed Platforms.Build.0 = Debug|Any CPU
		{F9297385-ACE0-43AD-AD66-819C5A60FE80}.Debug|x86.ActiveCfg = Debug|Any CPU
		{F9297385-ACE0-43AD-AD66-819C5A60FE80}.Release|Any CPU.ActiveCfg = Release|Any CPU
		{F9297385-ACE0-43AD-AD66-819C5A60FE80}.Release|Any CPU.Build.0 = Release|Any CPU
		{F9297385-ACE0-43AD-AD66-819C5A60FE80}.Release|Mixed Platforms.ActiveCfg = Release|Any CPU
		{F9297385-ACE0-43AD-AD66-819C5A60FE80}.Release|Mixed Platforms.Build.0 = Release|Any CPU
		{F9297385-ACE0-43AD-AD66-819C5A60FE80}.Release|x86.ActiveCfg = Release|Any CPU
		{6A22E146-C2AC-473B-9F3C-0D88DE3FDF3E}.Debug|Any CPU.ActiveCfg = Debug|Any CPU
		{6A22E146-C2AC-473B-9F3C-0D88DE3FDF3E}.Debug|Any CPU.Build.0 = Debug|Any CPU
		{6A22E146-C2AC-473B-9F3C-0D88DE3FDF3E}.Debug|Mixed Platforms.ActiveCfg = Debug|Any CPU
		{6A22E146-C2AC-473B-9F3C-0D88DE3FDF3E}.Debug|Mixed Platforms.Build.0 = Debug|Any CPU
		{6A22E146-C2AC-473B-9F3C-0D88DE3FDF3E}.Debug|x86.ActiveCfg = Debug|x86
		{6A22E146-C2AC-473B-9F3C-0D88DE3FDF3E}.Debug|x86.Build.0 = Debug|x86
		{6A22E146-C2AC-473B-9F3C-0D88DE3FDF3E}.Release|Any CPU.ActiveCfg = Release|Any CPU
		{6A22E146-C2AC-473B-9F3C-0D88DE3FDF3E}.Release|Any CPU.Build.0 = Release|Any CPU
		{6A22E146-C2AC-473B-9F3C-0D88DE3FDF3E}.Release|Mixed Platforms.ActiveCfg = Release|Any CPU
		{6A22E146-C2AC-473B-9F3C-0D88DE3FDF3E}.Release|Mixed Platforms.Build.0 = Release|Any CPU
		{6A22E146-C2AC-473B-9F3C-0D88DE3FDF3E}.Release|x86.ActiveCfg = Release|x86
		{6A22E146-C2AC-473B-9F3C-0D88DE3FDF3E}.Release|x86.Build.0 = Release|x86
		{4290DB51-1042-4594-950D-CFCD56F5D466}.Debug|Any CPU.ActiveCfg = Debug|Any CPU
		{4290DB51-1042-4594-950D-CFCD56F5D466}.Debug|Any CPU.Build.0 = Debug|Any CPU
		{4290DB51-1042-4594-950D-CFCD56F5D466}.Debug|Mixed Platforms.ActiveCfg = Debug|Any CPU
		{4290DB51-1042-4594-950D-CFCD56F5D466}.Debug|Mixed Platforms.Build.0 = Debug|Any CPU
		{4290DB51-1042-4594-950D-CFCD56F5D466}.Debug|x86.ActiveCfg = Debug|Any CPU
		{4290DB51-1042-4594-950D-CFCD56F5D466}.Release|Any CPU.ActiveCfg = Release|Any CPU
		{4290DB51-1042-4594-950D-CFCD56F5D466}.Release|Any CPU.Build.0 = Release|Any CPU
		{4290DB51-1042-4594-950D-CFCD56F5D466}.Release|Mixed Platforms.ActiveCfg = Release|Any CPU
		{4290DB51-1042-4594-950D-CFCD56F5D466}.Release|Mixed Platforms.Build.0 = Release|Any CPU
		{4290DB51-1042-4594-950D-CFCD56F5D466}.Release|x86.ActiveCfg = Release|Any CPU
		{50C58F5B-F94B-4F16-B428-F41FEAB0D4D3}.Debug|Any CPU.ActiveCfg = Debug|Any CPU
		{50C58F5B-F94B-4F16-B428-F41FEAB0D4D3}.Debug|Any CPU.Build.0 = Debug|Any CPU
		{50C58F5B-F94B-4F16-B428-F41FEAB0D4D3}.Debug|Mixed Platforms.ActiveCfg = Debug|Any CPU
		{50C58F5B-F94B-4F16-B428-F41FEAB0D4D3}.Debug|Mixed Platforms.Build.0 = Debug|Any CPU
		{50C58F5B-F94B-4F16-B428-F41FEAB0D4D3}.Debug|x86.ActiveCfg = Debug|Any CPU
		{50C58F5B-F94B-4F16-B428-F41FEAB0D4D3}.Release|Any CPU.ActiveCfg = Release|Any CPU
		{50C58F5B-F94B-4F16-B428-F41FEAB0D4D3}.Release|Any CPU.Build.0 = Release|Any CPU
		{50C58F5B-F94B-4F16-B428-F41FEAB0D4D3}.Release|Mixed Platforms.ActiveCfg = Release|Any CPU
		{50C58F5B-F94B-4F16-B428-F41FEAB0D4D3}.Release|Mixed Platforms.Build.0 = Release|Any CPU
		{50C58F5B-F94B-4F16-B428-F41FEAB0D4D3}.Release|x86.ActiveCfg = Release|Any CPU
		{BA184544-C0CB-4399-BF10-4E02A37F41BB}.Debug|Any CPU.ActiveCfg = Debug|Any CPU
		{BA184544-C0CB-4399-BF10-4E02A37F41BB}.Debug|Any CPU.Build.0 = Debug|Any CPU
		{BA184544-C0CB-4399-BF10-4E02A37F41BB}.Debug|Mixed Platforms.ActiveCfg = Debug|Any CPU
		{BA184544-C0CB-4399-BF10-4E02A37F41BB}.Debug|Mixed Platforms.Build.0 = Debug|Any CPU
		{BA184544-C0CB-4399-BF10-4E02A37F41BB}.Debug|x86.ActiveCfg = Debug|x86
		{BA184544-C0CB-4399-BF10-4E02A37F41BB}.Debug|x86.Build.0 = Debug|x86
		{BA184544-C0CB-4399-BF10-4E02A37F41BB}.Release|Any CPU.ActiveCfg = Release|Any CPU
		{BA184544-C0CB-4399-BF10-4E02A37F41BB}.Release|Any CPU.Build.0 = Release|Any CPU
		{BA184544-C0CB-4399-BF10-4E02A37F41BB}.Release|Mixed Platforms.ActiveCfg = Release|Any CPU
		{BA184544-C0CB-4399-BF10-4E02A37F41BB}.Release|Mixed Platforms.Build.0 = Release|Any CPU
		{BA184544-C0CB-4399-BF10-4E02A37F41BB}.Release|x86.ActiveCfg = Release|x86
		{BA184544-C0CB-4399-BF10-4E02A37F41BB}.Release|x86.Build.0 = Release|x86
	EndGlobalSection
	GlobalSection(SolutionProperties) = preSolution
		HideSolutionNode = FALSE
	EndGlobalSection
EndGlobal
