
Microsoft Visual Studio Solution File, Format Version 11.00
# Visual Studio 2010
Project("{FAE04EC0-301F-11D3-BF4B-00C04F79EFBC}") = "CNako2Demo", "CNako2Demo\CNako2Demo.csproj", "{AA173FC5-466F-403F-8BFD-1FF5499FF833}"
EndProject
Project("{FAE04EC0-301F-11D3-BF4B-00C04F79EFBC}") = "Libnako", "..\Libnako\Libnako.csproj", "{F9297385-ACE0-43AD-AD66-819C5A60FE80}"
EndProject
Project("{FAE04EC0-301F-11D3-BF4B-00C04F79EFBC}") = "NakoPlugin", "..\NakoPlugin\NakoPlugin.csproj", "{50C58F5B-F94B-4F16-B428-F41FEAB0D4D3}"
EndProject
Project("{FAE04EC0-301F-11D3-BF4B-00C04F79EFBC}") = "cnako2", "..\cnako2\cnako2.csproj", "{6A22E146-C2AC-473B-9F3C-0D88DE3FDF3E}"
EndProject
Project("{FAE04EC0-301F-11D3-BF4B-00C04F79EFBC}") = "NakoPluginFile", "..\NakoPluginFile\NakoPluginFile.csproj", "{29BCC59A-E35E-4096-B417-16335E41CF93}"
EndProject
Project("{FAE04EC0-301F-11D3-BF4B-00C04F79EFBC}") = "NakoPluginHttp", "..\NakoPluginHttp\NakoPluginHttp.csproj", "{E6657194-A701-4796-B8FE-8DD7FCE17FF3}"
EndProject
Global
	GlobalSection(SolutionConfigurationPlatforms) = preSolution
		Debug|Any CPU = Debug|Any CPU
		Debug|Mixed Platforms = Debug|Mixed Platforms
		Debug|x86 = Debug|x86
		Release|Any CPU = Release|Any CPU
		Release|Mixed Platforms = Release|Mixed Platforms
		Release|x86 = Release|x86
	EndGlobalSection
	GlobalSection(ProjectConfigurationPlatforms) = postSolution
		{29BCC59A-E35E-4096-B417-16335E41CF93}.Debug|Any CPU.ActiveCfg = Debug|Any CPU
		{29BCC59A-E35E-4096-B417-16335E41CF93}.Debug|Any CPU.Build.0 = Debug|Any CPU
		{29BCC59A-E35E-4096-B417-16335E41CF93}.Debug|Mixed Platforms.ActiveCfg = Debug|Any CPU
		{29BCC59A-E35E-4096-B417-16335E41CF93}.Debug|Mixed Platforms.Build.0 = Debug|Any CPU
		{29BCC59A-E35E-4096-B417-16335E41CF93}.Debug|x86.ActiveCfg = Debug|x86
		{29BCC59A-E35E-4096-B417-16335E41CF93}.Debug|x86.Build.0 = Debug|x86
		{29BCC59A-E35E-4096-B417-16335E41CF93}.Release|Any CPU.ActiveCfg = Release|Any CPU
		{29BCC59A-E35E-4096-B417-16335E41CF93}.Release|Any CPU.Build.0 = Release|Any CPU
		{29BCC59A-E35E-4096-B417-16335E41CF93}.Release|Mixed Platforms.ActiveCfg = Release|Any CPU
		{29BCC59A-E35E-4096-B417-16335E41CF93}.Release|Mixed Platforms.Build.0 = Release|Any CPU
		{29BCC59A-E35E-4096-B417-16335E41CF93}.Release|x86.ActiveCfg = Release|x86
		{29BCC59A-E35E-4096-B417-16335E41CF93}.Release|x86.Build.0 = Release|x86
		{50C58F5B-F94B-4F16-B428-F41FEAB0D4D3}.Debug|Any CPU.ActiveCfg = Debug|Any CPU
		{50C58F5B-F94B-4F16-B428-F41FEAB0D4D3}.Debug|Any CPU.Build.0 = Debug|Any CPU
		{50C58F5B-F94B-4F16-B428-F41FEAB0D4D3}.Debug|Mixed Platforms.ActiveCfg = Debug|Any CPU
		{50C58F5B-F94B-4F16-B428-F41FEAB0D4D3}.Debug|Mixed Platforms.Build.0 = Debug|Any CPU
		{50C58F5B-F94B-4F16-B428-F41FEAB0D4D3}.Debug|x86.ActiveCfg = Debug|Any CPU
		{50C58F5B-F94B-4F16-B428-F41FEAB0D4D3}.Release|Any CPU.ActiveCfg = Release|Any CPU
		{50C58F5B-F94B-4F16-B428-F41FEAB0D4D3}.Release|Any CPU.Build.0 = Release|Any CPU
		{50C58F5B-F94B-4F16-B428-F41FEAB0D4D3}.Release|Mixed Platforms.ActiveCfg = Release|Any CPU
		{50C58F5B-F94B-4F16-B428-F41FEAB0D4D3}.Release|Mixed Platforms.Build.0 = Release|Any CPU
		{50C58F5B-F94B-4F16-B428-F41FEAB0D4D3}.Release|x86.ActiveCfg = Release|Any CPU
		{6A22E146-C2AC-473B-9F3C-0D88DE3FDF3E}.Debug|Any CPU.ActiveCfg = Debug|Any CPU
		{6A22E146-C2AC-473B-9F3C-0D88DE3FDF3E}.Debug|Any CPU.Build.0 = Debug|Any CPU
		{6A22E146-C2AC-473B-9F3C-0D88DE3FDF3E}.Debug|Mixed Platforms.ActiveCfg = Debug|Any CPU
		{6A22E146-C2AC-473B-9F3C-0D88DE3FDF3E}.Debug|Mixed Platforms.Build.0 = Debug|Any CPU
		{6A22E146-C2AC-473B-9F3C-0D88DE3FDF3E}.Debug|x86.ActiveCfg = Debug|x86
		{6A22E146-C2AC-473B-9F3C-0D88DE3FDF3E}.Debug|x86.Build.0 = Debug|x86
		{6A22E146-C2AC-473B-9F3C-0D88DE3FDF3E}.Release|Any CPU.ActiveCfg = Release|Any CPU
		{6A22E146-C2AC-473B-9F3C-0D88DE3FDF3E}.Release|Any CPU.Build.0 = Release|Any CPU
		{6A22E146-C2AC-473B-9F3C-0D88DE3FDF3E}.Release|Mixed Platforms.ActiveCfg = Release|Any CPU
		{6A22E146-C2AC-473B-9F3C-0D88DE3FDF3E}.Release|Mixed Platforms.Build.0 = Release|Any CPU
		{6A22E146-C2AC-473B-9F3C-0D88DE3FDF3E}.Release|x86.ActiveCfg = Release|x86
		{6A22E146-C2AC-473B-9F3C-0D88DE3FDF3E}.Release|x86.Build.0 = Release|x86
		{AA173FC5-466F-403F-8BFD-1FF5499FF833}.Debug|Any CPU.ActiveCfg = Debug|x86
		{AA173FC5-466F-403F-8BFD-1FF5499FF833}.Debug|Any CPU.Build.0 = Debug|x86
		{AA173FC5-466F-403F-8BFD-1FF5499FF833}.Debug|Mixed Platforms.ActiveCfg = Debug|x86
		{AA173FC5-466F-403F-8BFD-1FF5499FF833}.Debug|Mixed Platforms.Build.0 = Debug|x86
		{AA173FC5-466F-403F-8BFD-1FF5499FF833}.Debug|x86.ActiveCfg = Debug|x86
		{AA173FC5-466F-403F-8BFD-1FF5499FF833}.Debug|x86.Build.0 = Debug|x86
		{AA173FC5-466F-403F-8BFD-1FF5499FF833}.Release|Any CPU.ActiveCfg = Release|x86
		{AA173FC5-466F-403F-8BFD-1FF5499FF833}.Release|Mixed Platforms.ActiveCfg = Release|x86
		{AA173FC5-466F-403F-8BFD-1FF5499FF833}.Release|Mixed Platforms.Build.0 = Release|x86
		{AA173FC5-466F-403F-8BFD-1FF5499FF833}.Release|x86.ActiveCfg = Release|x86
		{AA173FC5-466F-403F-8BFD-1FF5499FF833}.Release|x86.Build.0 = Release|x86
		{E6657194-A701-4796-B8FE-8DD7FCE17FF3}.Debug|Any CPU.ActiveCfg = Debug|x86
		{E6657194-A701-4796-B8FE-8DD7FCE17FF3}.Debug|Any CPU.Build.0 = Debug|x86
		{E6657194-A701-4796-B8FE-8DD7FCE17FF3}.Debug|Mixed Platforms.ActiveCfg = Debug|x86
		{E6657194-A701-4796-B8FE-8DD7FCE17FF3}.Debug|Mixed Platforms.Build.0 = Debug|x86
		{E6657194-A701-4796-B8FE-8DD7FCE17FF3}.Debug|x86.ActiveCfg = Debug|x86
		{E6657194-A701-4796-B8FE-8DD7FCE17FF3}.Debug|x86.Build.0 = Debug|x86
		{E6657194-A701-4796-B8FE-8DD7FCE17FF3}.Release|Any CPU.ActiveCfg = Release|x86
		{E6657194-A701-4796-B8FE-8DD7FCE17FF3}.Release|Any CPU.Build.0 = Release|x86
		{E6657194-A701-4796-B8FE-8DD7FCE17FF3}.Release|Mixed Platforms.ActiveCfg = Release|x86
		{E6657194-A701-4796-B8FE-8DD7FCE17FF3}.Release|Mixed Platforms.Build.0 = Release|x86
		{E6657194-A701-4796-B8FE-8DD7FCE17FF3}.Release|x86.ActiveCfg = Release|x86
		{E6657194-A701-4796-B8FE-8DD7FCE17FF3}.Release|x86.Build.0 = Release|x86
		{F9297385-ACE0-43AD-AD66-819C5A60FE80}.Debug|Any CPU.ActiveCfg = Debug|Any CPU
		{F9297385-ACE0-43AD-AD66-819C5A60FE80}.Debug|Any CPU.Build.0 = Debug|Any CPU
		{F9297385-ACE0-43AD-AD66-819C5A60FE80}.Debug|Mixed Platforms.ActiveCfg = Debug|Any CPU
		{F9297385-ACE0-43AD-AD66-819C5A60FE80}.Debug|Mixed Platforms.Build.0 = Debug|Any CPU
		{F9297385-ACE0-43AD-AD66-819C5A60FE80}.Debug|x86.ActiveCfg = Debug|Any CPU
		{F9297385-ACE0-43AD-AD66-819C5A60FE80}.Release|Any CPU.ActiveCfg = Release|Any CPU
		{F9297385-ACE0-43AD-AD66-819C5A60FE80}.Release|Any CPU.Build.0 = Release|Any CPU
		{F9297385-ACE0-43AD-AD66-819C5A60FE80}.Release|Mixed Platforms.ActiveCfg = Release|Any CPU
		{F9297385-ACE0-43AD-AD66-819C5A60FE80}.Release|Mixed Platforms.Build.0 = Release|Any CPU
		{F9297385-ACE0-43AD-AD66-819C5A60FE80}.Release|x86.ActiveCfg = Release|Any CPU
	EndGlobalSection
	GlobalSection(MonoDevelopProperties) = preSolution
		StartupItem = CNako2Demo\CNako2Demo.csproj
	EndGlobalSection
	GlobalSection(SolutionProperties) = preSolution
		HideSolutionNode = FALSE
	EndGlobalSection
EndGlobal
