
Microsoft Visual Studio Solution File, Format Version 11.00
# Visual Studio 2010
Project("{FAE04EC0-301F-11D3-BF4B-00C04F79EFBC}") = "NakoPluginADO", "NakoPluginADO\NakoPluginADO.csproj", "{4BB5810E-D382-4DEA-BFE7-0CBEC5A34667}"
EndProject
Project("{FAE04EC0-301F-11D3-BF4B-00C04F79EFBC}") = "NakoPluginArray", "NakoPluginArray\NakoPluginArray.csproj", "{8530AD9C-2B33-40FA-9137-3A316F7DB485}"
EndProject
Project("{FAE04EC0-301F-11D3-BF4B-00C04F79EFBC}") = "NakoPluginCtrl", "NakoPluginCtrl\NakoPluginCtrl.csproj", "{B991E428-E0FE-4957-90F7-CD88C4937573}"
EndProject
Project("{FAE04EC0-301F-11D3-BF4B-00C04F79EFBC}") = "NakoPluginDateTime", "NakoPluginDateTime\NakoPluginDateTime.csproj", "{CD0D883A-284E-4DDE-859A-A303952EC2BC}"
EndProject
Project("{FAE04EC0-301F-11D3-BF4B-00C04F79EFBC}") = "NakoPluginDialog", "NakoPluginDialog\NakoPluginDialog.csproj", "{F8E88E7E-7ACF-4D1A-926F-146D2130AD2C}"
EndProject
Project("{FAE04EC0-301F-11D3-BF4B-00C04F79EFBC}") = "NakoPluginFile", "NakoPluginFile\NakoPluginFile.csproj", "{29BCC59A-E35E-4096-B417-16335E41CF93}"
EndProject
Project("{FAE04EC0-301F-11D3-BF4B-00C04F79EFBC}") = "NakoPluginHttp", "NakoPluginHttp\NakoPluginHttp.csproj", "{E6657194-A701-4796-B8FE-8DD7FCE17FF3}"
EndProject
Project("{FAE04EC0-301F-11D3-BF4B-00C04F79EFBC}") = "NakoPluginRegex", "NakoPluginRegex\NakoPluginRegex.csproj", "{A184B322-315A-415A-81DC-6F6B8AB68356}"
EndProject
Project("{FAE04EC0-301F-11D3-BF4B-00C04F79EFBC}") = "NakoPluginSample", "NakoPluginSample\NakoPluginSample.csproj", "{BFB7346D-65BE-49F9-9CDB-D3ABF1989C84}"
EndProject
Project("{FAE04EC0-301F-11D3-BF4B-00C04F79EFBC}") = "NakoPluginString", "NakoPluginString\NakoPluginString.csproj", "{78344F49-D9C5-43F8-8E2B-1C7F9D0A4473}"
EndProject
Project("{FAE04EC0-301F-11D3-BF4B-00C04F79EFBC}") = "NakoPluginTag", "NakoPluginTag\NakoPluginTag.csproj", "{7ADCC16D-4463-4238-A947-CB5CBF04A409}"
EndProject
Project("{FAE04EC0-301F-11D3-BF4B-00C04F79EFBC}") = "NakoPluginTest", "NakoPluginTest\NakoPluginTest.csproj", "{6A26AF1C-6734-4B03-BD92-F5D0FB0F9C0F}"
EndProject
Project("{FAE04EC0-301F-11D3-BF4B-00C04F79EFBC}") = "NakoPlugin", "NakoPlugin\NakoPlugin.csproj", "{50C58F5B-F94B-4F16-B428-F41FEAB0D4D3}"
EndProject
Global
	GlobalSection(SubversionScc) = preSolution
		Svn-Managed = True
		Manager = AnkhSVN - Subversion Support for Visual Studio
	EndGlobalSection
	GlobalSection(SolutionConfigurationPlatforms) = preSolution
		Debug|Any CPU = Debug|Any CPU
		Debug|Mixed Platforms = Debug|Mixed Platforms
		Debug|x86 = Debug|x86
		Release|Any CPU = Release|Any CPU
		Release|Mixed Platforms = Release|Mixed Platforms
		Release|x86 = Release|x86
	EndGlobalSection
	GlobalSection(ProjectConfigurationPlatforms) = postSolution
		{4BB5810E-D382-4DEA-BFE7-0CBEC5A34667}.Debug|Any CPU.ActiveCfg = Debug|x86
		{4BB5810E-D382-4DEA-BFE7-0CBEC5A34667}.Debug|Mixed Platforms.ActiveCfg = Debug|x86
		{4BB5810E-D382-4DEA-BFE7-0CBEC5A34667}.Debug|Mixed Platforms.Build.0 = Debug|x86
		{4BB5810E-D382-4DEA-BFE7-0CBEC5A34667}.Debug|x86.ActiveCfg = Debug|x86
		{4BB5810E-D382-4DEA-BFE7-0CBEC5A34667}.Debug|x86.Build.0 = Debug|x86
		{4BB5810E-D382-4DEA-BFE7-0CBEC5A34667}.Release|Any CPU.ActiveCfg = Release|x86
		{4BB5810E-D382-4DEA-BFE7-0CBEC5A34667}.Release|Mixed Platforms.ActiveCfg = Release|x86
		{4BB5810E-D382-4DEA-BFE7-0CBEC5A34667}.Release|Mixed Platforms.Build.0 = Release|x86
		{4BB5810E-D382-4DEA-BFE7-0CBEC5A34667}.Release|x86.ActiveCfg = Release|x86
		{4BB5810E-D382-4DEA-BFE7-0CBEC5A34667}.Release|x86.Build.0 = Release|x86
		{8530AD9C-2B33-40FA-9137-3A316F7DB485}.Debug|Any CPU.ActiveCfg = Debug|x86
		{8530AD9C-2B33-40FA-9137-3A316F7DB485}.Debug|Mixed Platforms.ActiveCfg = Debug|x86
		{8530AD9C-2B33-40FA-9137-3A316F7DB485}.Debug|Mixed Platforms.Build.0 = Debug|x86
		{8530AD9C-2B33-40FA-9137-3A316F7DB485}.Debug|x86.ActiveCfg = Debug|x86
		{8530AD9C-2B33-40FA-9137-3A316F7DB485}.Debug|x86.Build.0 = Debug|x86
		{8530AD9C-2B33-40FA-9137-3A316F7DB485}.Release|Any CPU.ActiveCfg = Release|x86
		{8530AD9C-2B33-40FA-9137-3A316F7DB485}.Release|Mixed Platforms.ActiveCfg = Release|x86
		{8530AD9C-2B33-40FA-9137-3A316F7DB485}.Release|Mixed Platforms.Build.0 = Release|x86
		{8530AD9C-2B33-40FA-9137-3A316F7DB485}.Release|x86.ActiveCfg = Release|x86
		{8530AD9C-2B33-40FA-9137-3A316F7DB485}.Release|x86.Build.0 = Release|x86
		{B991E428-E0FE-4957-90F7-CD88C4937573}.Debug|Any CPU.ActiveCfg = Debug|Any CPU
		{B991E428-E0FE-4957-90F7-CD88C4937573}.Debug|Any CPU.Build.0 = Debug|Any CPU
		{B991E428-E0FE-4957-90F7-CD88C4937573}.Debug|Mixed Platforms.ActiveCfg = Debug|Any CPU
		{B991E428-E0FE-4957-90F7-CD88C4937573}.Debug|Mixed Platforms.Build.0 = Debug|Any CPU
		{B991E428-E0FE-4957-90F7-CD88C4937573}.Debug|x86.ActiveCfg = Debug|x86
		{B991E428-E0FE-4957-90F7-CD88C4937573}.Debug|x86.Build.0 = Debug|x86
		{B991E428-E0FE-4957-90F7-CD88C4937573}.Release|Any CPU.ActiveCfg = Release|Any CPU
		{B991E428-E0FE-4957-90F7-CD88C4937573}.Release|Any CPU.Build.0 = Release|Any CPU
		{B991E428-E0FE-4957-90F7-CD88C4937573}.Release|Mixed Platforms.ActiveCfg = Release|Any CPU
		{B991E428-E0FE-4957-90F7-CD88C4937573}.Release|Mixed Platforms.Build.0 = Release|Any CPU
		{B991E428-E0FE-4957-90F7-CD88C4937573}.Release|x86.ActiveCfg = Release|x86
		{B991E428-E0FE-4957-90F7-CD88C4937573}.Release|x86.Build.0 = Release|x86
		{CD0D883A-284E-4DDE-859A-A303952EC2BC}.Debug|Any CPU.ActiveCfg = Debug|x86
		{CD0D883A-284E-4DDE-859A-A303952EC2BC}.Debug|Mixed Platforms.ActiveCfg = Debug|x86
		{CD0D883A-284E-4DDE-859A-A303952EC2BC}.Debug|Mixed Platforms.Build.0 = Debug|x86
		{CD0D883A-284E-4DDE-859A-A303952EC2BC}.Debug|x86.ActiveCfg = Debug|x86
		{CD0D883A-284E-4DDE-859A-A303952EC2BC}.Debug|x86.Build.0 = Debug|x86
		{CD0D883A-284E-4DDE-859A-A303952EC2BC}.Release|Any CPU.ActiveCfg = Release|x86
		{CD0D883A-284E-4DDE-859A-A303952EC2BC}.Release|Mixed Platforms.ActiveCfg = Release|x86
		{CD0D883A-284E-4DDE-859A-A303952EC2BC}.Release|Mixed Platforms.Build.0 = Release|x86
		{CD0D883A-284E-4DDE-859A-A303952EC2BC}.Release|x86.ActiveCfg = Release|x86
		{CD0D883A-284E-4DDE-859A-A303952EC2BC}.Release|x86.Build.0 = Release|x86
		{F8E88E7E-7ACF-4D1A-926F-146D2130AD2C}.Debug|Any CPU.ActiveCfg = Debug|Any CPU
		{F8E88E7E-7ACF-4D1A-926F-146D2130AD2C}.Debug|Any CPU.Build.0 = Debug|Any CPU
		{F8E88E7E-7ACF-4D1A-926F-146D2130AD2C}.Debug|Mixed Platforms.ActiveCfg = Debug|Any CPU
		{F8E88E7E-7ACF-4D1A-926F-146D2130AD2C}.Debug|Mixed Platforms.Build.0 = Debug|Any CPU
		{F8E88E7E-7ACF-4D1A-926F-146D2130AD2C}.Debug|x86.ActiveCfg = Debug|Any CPU
		{F8E88E7E-7ACF-4D1A-926F-146D2130AD2C}.Release|Any CPU.ActiveCfg = Release|Any CPU
		{F8E88E7E-7ACF-4D1A-926F-146D2130AD2C}.Release|Any CPU.Build.0 = Release|Any CPU
		{F8E88E7E-7ACF-4D1A-926F-146D2130AD2C}.Release|Mixed Platforms.ActiveCfg = Release|Any CPU
		{F8E88E7E-7ACF-4D1A-926F-146D2130AD2C}.Release|Mixed Platforms.Build.0 = Release|Any CPU
		{F8E88E7E-7ACF-4D1A-926F-146D2130AD2C}.Release|x86.ActiveCfg = Release|Any CPU
		{29BCC59A-E35E-4096-B417-16335E41CF93}.Debug|Any CPU.ActiveCfg = Debug|Any CPU
		{29BCC59A-E35E-4096-B417-16335E41CF93}.Debug|Any CPU.Build.0 = Debug|Any CPU
		{29BCC59A-E35E-4096-B417-16335E41CF93}.Debug|Mixed Platforms.ActiveCfg = Debug|Any CPU
		{29BCC59A-E35E-4096-B417-16335E41CF93}.Debug|Mixed Platforms.Build.0 = Debug|Any CPU
		{29BCC59A-E35E-4096-B417-16335E41CF93}.Debug|x86.ActiveCfg = Debug|x86
		{29BCC59A-E35E-4096-B417-16335E41CF93}.Debug|x86.Build.0 = Debug|x86
		{29BCC59A-E35E-4096-B417-16335E41CF93}.Release|Any CPU.ActiveCfg = Release|Any CPU
		{29BCC59A-E35E-4096-B417-16335E41CF93}.Release|Any CPU.Build.0 = Release|Any CPU
		{29BCC59A-E35E-4096-B417-16335E41CF93}.Release|Mixed Platforms.ActiveCfg = Release|Any CPU
		{29BCC59A-E35E-4096-B417-16335E41CF93}.Release|Mixed Platforms.Build.0 = Release|Any CPU
		{29BCC59A-E35E-4096-B417-16335E41CF93}.Release|x86.ActiveCfg = Release|x86
		{29BCC59A-E35E-4096-B417-16335E41CF93}.Release|x86.Build.0 = Release|x86
		{E6657194-A701-4796-B8FE-8DD7FCE17FF3}.Debug|Any CPU.ActiveCfg = Debug|x86
		{E6657194-A701-4796-B8FE-8DD7FCE17FF3}.Debug|Mixed Platforms.ActiveCfg = Debug|x86
		{E6657194-A701-4796-B8FE-8DD7FCE17FF3}.Debug|Mixed Platforms.Build.0 = Debug|x86
		{E6657194-A701-4796-B8FE-8DD7FCE17FF3}.Debug|x86.ActiveCfg = Debug|x86
		{E6657194-A701-4796-B8FE-8DD7FCE17FF3}.Debug|x86.Build.0 = Debug|x86
		{E6657194-A701-4796-B8FE-8DD7FCE17FF3}.Release|Any CPU.ActiveCfg = Release|x86
		{E6657194-A701-4796-B8FE-8DD7FCE17FF3}.Release|Mixed Platforms.ActiveCfg = Release|x86
		{E6657194-A701-4796-B8FE-8DD7FCE17FF3}.Release|Mixed Platforms.Build.0 = Release|x86
		{E6657194-A701-4796-B8FE-8DD7FCE17FF3}.Release|x86.ActiveCfg = Release|x86
		{E6657194-A701-4796-B8FE-8DD7FCE17FF3}.Release|x86.Build.0 = Release|x86
		{A184B322-315A-415A-81DC-6F6B8AB68356}.Debug|Any CPU.ActiveCfg = Debug|x86
		{A184B322-315A-415A-81DC-6F6B8AB68356}.Debug|Mixed Platforms.ActiveCfg = Debug|x86
		{A184B322-315A-415A-81DC-6F6B8AB68356}.Debug|Mixed Platforms.Build.0 = Debug|x86
		{A184B322-315A-415A-81DC-6F6B8AB68356}.Debug|x86.ActiveCfg = Debug|x86
		{A184B322-315A-415A-81DC-6F6B8AB68356}.Debug|x86.Build.0 = Debug|x86
		{A184B322-315A-415A-81DC-6F6B8AB68356}.Release|Any CPU.ActiveCfg = Release|x86
		{A184B322-315A-415A-81DC-6F6B8AB68356}.Release|Mixed Platforms.ActiveCfg = Release|x86
		{A184B322-315A-415A-81DC-6F6B8AB68356}.Release|Mixed Platforms.Build.0 = Release|x86
		{A184B322-315A-415A-81DC-6F6B8AB68356}.Release|x86.ActiveCfg = Release|x86
		{A184B322-315A-415A-81DC-6F6B8AB68356}.Release|x86.Build.0 = Release|x86
		{BFB7346D-65BE-49F9-9CDB-D3ABF1989C84}.Debug|Any CPU.ActiveCfg = Debug|x86
		{BFB7346D-65BE-49F9-9CDB-D3ABF1989C84}.Debug|Mixed Platforms.ActiveCfg = Debug|x86
		{BFB7346D-65BE-49F9-9CDB-D3ABF1989C84}.Debug|Mixed Platforms.Build.0 = Debug|x86
		{BFB7346D-65BE-49F9-9CDB-D3ABF1989C84}.Debug|x86.ActiveCfg = Debug|x86
		{BFB7346D-65BE-49F9-9CDB-D3ABF1989C84}.Debug|x86.Build.0 = Debug|x86
		{BFB7346D-65BE-49F9-9CDB-D3ABF1989C84}.Release|Any CPU.ActiveCfg = Release|x86
		{BFB7346D-65BE-49F9-9CDB-D3ABF1989C84}.Release|Mixed Platforms.ActiveCfg = Release|x86
		{BFB7346D-65BE-49F9-9CDB-D3ABF1989C84}.Release|Mixed Platforms.Build.0 = Release|x86
		{BFB7346D-65BE-49F9-9CDB-D3ABF1989C84}.Release|x86.ActiveCfg = Release|x86
		{BFB7346D-65BE-49F9-9CDB-D3ABF1989C84}.Release|x86.Build.0 = Release|x86
		{78344F49-D9C5-43F8-8E2B-1C7F9D0A4473}.Debug|Any CPU.ActiveCfg = Debug|x86
		{78344F49-D9C5-43F8-8E2B-1C7F9D0A4473}.Debug|Mixed Platforms.ActiveCfg = Debug|x86
		{78344F49-D9C5-43F8-8E2B-1C7F9D0A4473}.Debug|Mixed Platforms.Build.0 = Debug|x86
		{78344F49-D9C5-43F8-8E2B-1C7F9D0A4473}.Debug|x86.ActiveCfg = Debug|x86
		{78344F49-D9C5-43F8-8E2B-1C7F9D0A4473}.Debug|x86.Build.0 = Debug|x86
		{78344F49-D9C5-43F8-8E2B-1C7F9D0A4473}.Release|Any CPU.ActiveCfg = Release|x86
		{78344F49-D9C5-43F8-8E2B-1C7F9D0A4473}.Release|Mixed Platforms.ActiveCfg = Release|x86
		{78344F49-D9C5-43F8-8E2B-1C7F9D0A4473}.Release|Mixed Platforms.Build.0 = Release|x86
		{78344F49-D9C5-43F8-8E2B-1C7F9D0A4473}.Release|x86.ActiveCfg = Release|x86
		{78344F49-D9C5-43F8-8E2B-1C7F9D0A4473}.Release|x86.Build.0 = Release|x86
		{7ADCC16D-4463-4238-A947-CB5CBF04A409}.Debug|Any CPU.ActiveCfg = Debug|x86
		{7ADCC16D-4463-4238-A947-CB5CBF04A409}.Debug|Mixed Platforms.ActiveCfg = Debug|x86
		{7ADCC16D-4463-4238-A947-CB5CBF04A409}.Debug|Mixed Platforms.Build.0 = Debug|x86
		{7ADCC16D-4463-4238-A947-CB5CBF04A409}.Debug|x86.ActiveCfg = Debug|x86
		{7ADCC16D-4463-4238-A947-CB5CBF04A409}.Debug|x86.Build.0 = Debug|x86
		{7ADCC16D-4463-4238-A947-CB5CBF04A409}.Release|Any CPU.ActiveCfg = Release|x86
		{7ADCC16D-4463-4238-A947-CB5CBF04A409}.Release|Mixed Platforms.ActiveCfg = Release|x86
		{7ADCC16D-4463-4238-A947-CB5CBF04A409}.Release|Mixed Platforms.Build.0 = Release|x86
		{7ADCC16D-4463-4238-A947-CB5CBF04A409}.Release|x86.ActiveCfg = Release|x86
		{7ADCC16D-4463-4238-A947-CB5CBF04A409}.Release|x86.Build.0 = Release|x86
		{6A26AF1C-6734-4B03-BD92-F5D0FB0F9C0F}.Debug|Any CPU.ActiveCfg = Debug|Any CPU
		{6A26AF1C-6734-4B03-BD92-F5D0FB0F9C0F}.Debug|Any CPU.Build.0 = Debug|Any CPU
		{6A26AF1C-6734-4B03-BD92-F5D0FB0F9C0F}.Debug|Mixed Platforms.ActiveCfg = Debug|Any CPU
		{6A26AF1C-6734-4B03-BD92-F5D0FB0F9C0F}.Debug|Mixed Platforms.Build.0 = Debug|Any CPU
		{6A26AF1C-6734-4B03-BD92-F5D0FB0F9C0F}.Debug|x86.ActiveCfg = Debug|Any CPU
		{6A26AF1C-6734-4B03-BD92-F5D0FB0F9C0F}.Release|Any CPU.ActiveCfg = Release|Any CPU
		{6A26AF1C-6734-4B03-BD92-F5D0FB0F9C0F}.Release|Any CPU.Build.0 = Release|Any CPU
		{6A26AF1C-6734-4B03-BD92-F5D0FB0F9C0F}.Release|Mixed Platforms.ActiveCfg = Release|Any CPU
		{6A26AF1C-6734-4B03-BD92-F5D0FB0F9C0F}.Release|Mixed Platforms.Build.0 = Release|Any CPU
		{6A26AF1C-6734-4B03-BD92-F5D0FB0F9C0F}.Release|x86.ActiveCfg = Release|Any CPU
		{50C58F5B-F94B-4F16-B428-F41FEAB0D4D3}.Debug|Any CPU.ActiveCfg = Debug|Any CPU
		{50C58F5B-F94B-4F16-B428-F41FEAB0D4D3}.Debug|Any CPU.Build.0 = Debug|Any CPU
		{50C58F5B-F94B-4F16-B428-F41FEAB0D4D3}.Debug|Mixed Platforms.ActiveCfg = Debug|Any CPU
		{50C58F5B-F94B-4F16-B428-F41FEAB0D4D3}.Debug|Mixed Platforms.Build.0 = Debug|Any CPU
		{50C58F5B-F94B-4F16-B428-F41FEAB0D4D3}.Debug|x86.ActiveCfg = Debug|Any CPU
		{50C58F5B-F94B-4F16-B428-F41FEAB0D4D3}.Release|Any CPU.ActiveCfg = Release|Any CPU
		{50C58F5B-F94B-4F16-B428-F41FEAB0D4D3}.Release|Any CPU.Build.0 = Release|Any CPU
		{50C58F5B-F94B-4F16-B428-F41FEAB0D4D3}.Release|Mixed Platforms.ActiveCfg = Release|Any CPU
		{50C58F5B-F94B-4F16-B428-F41FEAB0D4D3}.Release|Mixed Platforms.Build.0 = Release|Any CPU
		{50C58F5B-F94B-4F16-B428-F41FEAB0D4D3}.Release|x86.ActiveCfg = Release|Any CPU
	EndGlobalSection
	GlobalSection(SolutionProperties) = preSolution
		HideSolutionNode = FALSE
	EndGlobalSection
EndGlobal
